
Microsoft Visual Studio Solution File, Format Version 12.00
# Visual Studio Version 17
VisualStudioVersion = 17.0.31919.166
MinimumVisualStudioVersion = 10.0.40219.1
Project("{F2A71F9B-5D33-465A-A702-920D77279786}") = "RecordMemberReturnBug", "RecordMemberReturnBug.fsproj", "{1C097488-F77E-4397-A273-616C5930BE80}"
EndProject
Global
	GlobalSection(SolutionConfigurationPlatforms) = preSolution
		Debug|Any CPU = Debug|Any CPU
		Release|Any CPU = Release|Any CPU
	EndGlobalSection
	GlobalSection(ProjectConfigurationPlatforms) = postSolution
		{1C097488-F77E-4397-A273-616C5930BE80}.Debug|Any CPU.ActiveCfg = Debug|Any CPU
		{1C097488-F77E-4397-A273-616C5930BE80}.Debug|Any CPU.Build.0 = Debug|Any CPU
		{1C097488-F77E-4397-A273-616C5930BE80}.Release|Any CPU.ActiveCfg = Release|Any CPU
		{1C097488-F77E-4397-A273-616C5930BE80}.Release|Any CPU.Build.0 = Release|Any CPU
	EndGlobalSection
	GlobalSection(SolutionProperties) = preSolution
		HideSolutionNode = FALSE
	EndGlobalSection
	GlobalSection(ExtensibilityGlobals) = postSolution
		SolutionGuid = {25635493-9B99-4BBA-AC92-01D43F59BEF4}
	EndGlobalSection
EndGlobal
